{
    "name": "shared",
    "version": "0.0.0",
    "lockfileVersion": 3,
    "requires": true,
    "packages": {
        "": {
            "name": "shared",
            "version": "0.0.0",
            "dependencies": {
                "convert": "^7.0.2",
                "temporal-polyfill": "^1.0.4"
            }
        },
        "node_modules/convert": {
            "version": "7.0.2",
            "resolved": "https://registry.npmjs.org/convert/-/convert-7.0.2.tgz",
            "integrity": "sha512-vDIDqKYqSxmg3x16wYdB+CyfioYOd70GJBtFeU9eoj7PXzhhsmEut+N9NJ7X4Lc+mp18AHOPL9YgyXyejpDc1A==",
            "license": "MIT"
        },
        "node_modules/temporal-polyfill": {
            "version": "1.0.4",
            "resolved": "https://registry.npmjs.org/temporal-polyfill/-/temporal-polyfill-1.0.4.tgz",
            "integrity": "sha512-MLEU0qOD2uXlz24oINNtdLZQl8RgmMxSnRtKEGZGGetTJjlRwQJjk+VsJ4EREaUoiaTb8NJOcUiKtoAiWn9EBg==",
            "license": "MIT",
            "dependencies": {
                "temporal-spec": "1.0.1",
                "temporal-utils": "1.0.2"
            }
        },
        "node_modules/temporal-spec": {
            "version": "1.0.1",
            "resolved": "https://registry.npmjs.org/temporal-spec/-/temporal-spec-1.0.1.tgz",
            "integrity": "sha512-wxVoanmDeavXie1vu2JaQ3WIc3JZnWAOYFBsJyATaVsXsycKYUflGsyBmrRSnoCpZJpwPyr38VpgSUlQ8CbFxg==",
            "license": "Apache-2.0"
        },
        "node_modules/temporal-utils": {
            "version": "1.0.2",
            "resolved": "https://registry.npmjs.org/temporal-utils/-/temporal-utils-1.0.2.tgz",
            "integrity": "sha512-1B8Dl4KzrOvsNUlpoWGno2VLQlxroLjDgc5NBjVC9ax9ymdo+ezfyvhyjEMx+IVfhINr6CIG2gcnlP95iRrybQ==",
            "license": "MIT"
        }
    }
}
