{
    "name": "shared",
    "version": "0.0.0",
    "lockfileVersion": 3,
    "requires": true,
    "packages": {
        "": {
            "name": "shared",
            "version": "0.0.0",
            "dependencies": {
                "convert": "^8.0.2",
                "temporal-polyfill": "^1.0.5"
            }
        },
        "node_modules/convert": {
            "version": "8.0.2",
            "resolved": "https://registry.npmjs.org/convert/-/convert-8.0.2.tgz",
            "integrity": "sha512-Fc/9LZbtnjdrcwnV4M6TJaUnpIWIRp6sR8Qhvn0x+22pVjNhLdqRJMih4Nue3g0W7PH2zy3wdp/+iysZYYg0IQ==",
            "license": "MIT"
        },
        "node_modules/temporal-polyfill": {
            "version": "1.0.5",
            "resolved": "https://registry.npmjs.org/temporal-polyfill/-/temporal-polyfill-1.0.5.tgz",
            "integrity": "sha512-+H/mmY74i6wXCMcjIhGuSnODcyZnc4eois2myhOyX0UqRAKNXQY5m9iB1en5jQ/n4SXtjLXo1ElBI5bmn8tZwQ==",
            "license": "MIT",
            "dependencies": {
                "temporal-spec": "1.0.1",
                "temporal-utils": "1.0.3"
            }
        },
        "node_modules/temporal-spec": {
            "version": "1.0.1",
            "resolved": "https://registry.npmjs.org/temporal-spec/-/temporal-spec-1.0.1.tgz",
            "integrity": "sha512-wxVoanmDeavXie1vu2JaQ3WIc3JZnWAOYFBsJyATaVsXsycKYUflGsyBmrRSnoCpZJpwPyr38VpgSUlQ8CbFxg==",
            "license": "Apache-2.0"
        },
        "node_modules/temporal-utils": {
            "version": "1.0.3",
            "resolved": "https://registry.npmjs.org/temporal-utils/-/temporal-utils-1.0.3.tgz",
            "integrity": "sha512-9jbTSX3HvkOWvDpNpFzwX/d1mkCrgQgwLmVTOEiuocZGKHsrQJtttGZFmybJ2zYP5zCSZuU5ZyeS8+eOEPABiQ==",
            "license": "MIT"
        }
    }
}
